
Microsoft Visual Studio Solution File, Format Version 12.00
# Visual Studio Version 17
VisualStudioVersion = 17.3.32929.385
MinimumVisualStudioVersion = 10.0.40219.1
Project("{FAE04EC0-301F-11D3-BF4B-00C04F79EFBC}") = "Clinic_Backend", "Clinic_Backend\Clinic_Backend.csproj", "{E735CDE3-FA91-404D-8122-D274F5B2C5F7}"
EndProject
Global
	GlobalSection(SolutionConfigurationPlatforms) = preSolution
		Debug|Any CPU = Debug|Any CPU
		Release|Any CPU = Release|Any CPU
	EndGlobalSection
	GlobalSection(ProjectConfigurationPlatforms) = postSolution
		{E735CDE3-FA91-404D-8122-D274F5B2C5F7}.Debug|Any CPU.ActiveCfg = Debug|Any CPU
		{E735CDE3-FA91-404D-8122-D274F5B2C5F7}.Debug|Any CPU.Build.0 = Debug|Any CPU
		{E735CDE3-FA91-404D-8122-D274F5B2C5F7}.Release|Any CPU.ActiveCfg = Release|Any CPU
		{E735CDE3-FA91-404D-8122-D274F5B2C5F7}.Release|Any CPU.Build.0 = Release|Any CPU
	EndGlobalSection
	GlobalSection(SolutionProperties) = preSolution
		HideSolutionNode = FALSE
	EndGlobalSection
	GlobalSection(ExtensibilityGlobals) = postSolution
		SolutionGuid = {7BE5CAA1-FAED-49B1-B668-FF5AC43936BA}
	EndGlobalSection
EndGlobal
